lockfile_version: '1'
generated_at: '2026-06-18T08:55:32.340055+00:00'
apm_version: 0.15.0
dependencies:
- repo_url: anthropics/skills
  host: github.com
  resolved_commit: 57546260929473d4e0d1c1bb75297be2fdfa1949
  package_type: marketplace_plugin
  deployed_files:
  - .agents/skills/skill-creator
  content_hash: sha256:4f6d306e750b5b4f3b0dfc0f50418fa8403b3fc99867d5c2f7c170eccf94203b
  skill_subset:
  - skill-creator
- repo_url: github/awesome-copilot
  host: github.com
  resolved_commit: c1151e395975e48a8f3273b66ffd6a6f71e613c7
  virtual_path: skills/review-and-refactor
  is_virtual: true
  package_type: claude_skill
  deployed_files:
  - .agents/skills/review-and-refactor
  content_hash: sha256:9236d06a1500089ddb46975b866e9a63478e502afe7095b1980c618678a7c7fe
